
Microsoft Visual Studio Solution File, Format Version 11.00
# Visual Studio 2010
Project("{FAE04EC0-301F-11D3-BF4B-00C04F79EFBC}") = "DBUtility", "DBUtility\DBUtility.csproj", "{99D4DCC2-80FA-479C-9C25-18EBACBF9742}"
EndProject
Project("{FAE04EC0-301F-11D3-BF4B-00C04F79EFBC}") = "Model", "Model\Model.csproj", "{BD997096-3E24-41F4-AEEA-8F88CC31E337}"
EndProject
Project("{FAE04EC0-301F-11D3-BF4B-00C04F79EFBC}") = "DAL", "DAL\DAL.csproj", "{697D6429-8A6C-4E03-88CB-6E7C36EDA362}"
	ProjectSection(ProjectDependencies) = postProject
		{6FCECF06-C92E-47C5-A57D-25653BCB214D} = {6FCECF06-C92E-47C5-A57D-25653BCB214D}
		{BD997096-3E24-41F4-AEEA-8F88CC31E337} = {BD997096-3E24-41F4-AEEA-8F88CC31E337}
		{99D4DCC2-80FA-479C-9C25-18EBACBF9742} = {99D4DCC2-80FA-479C-9C25-18EBACBF9742}
	EndProjectSection
EndProject
Project("{FAE04EC0-301F-11D3-BF4B-00C04F79EFBC}") = "IDAL", "IDAL\IDAL.csproj", "{6FCECF06-C92E-47C5-A57D-25653BCB214D}"
	ProjectSection(ProjectDependencies) = postProject
		{BD997096-3E24-41F4-AEEA-8F88CC31E337} = {BD997096-3E24-41F4-AEEA-8F88CC31E337}
	EndProjectSection
EndProject
Project("{FAE04EC0-301F-11D3-BF4B-00C04F79EFBC}") = "DALFactory", "DALFactory\DALFactory.csproj", "{D7815F26-DC6A-4E52-B97A-5ABD31E67CDC}"
EndProject
Project("{FAE04EC0-301F-11D3-BF4B-00C04F79EFBC}") = "BLL", "BLL\BLL.csproj", "{ED876033-072A-4F6E-8167-09501BC6F9B7}"
	ProjectSection(ProjectDependencies) = postProject
		{6FCECF06-C92E-47C5-A57D-25653BCB214D} = {6FCECF06-C92E-47C5-A57D-25653BCB214D}
		{BD997096-3E24-41F4-AEEA-8F88CC31E337} = {BD997096-3E24-41F4-AEEA-8F88CC31E337}
	EndProjectSection
EndProject
Project("{FAE04EC0-301F-11D3-BF4B-00C04F79EFBC}") = "LFUI", "LFUI\LFUI.csproj", "{13ABE701-2885-4BA9-9497-5680482B9D27}"
EndProject
Project("{54435603-DBB4-11D2-8724-00A0C9A8B90C}") = "LFAutomationUI", "LFAutomationUI\LFAutomationUI.vdproj", "{4214540F-F1BA-4554-B144-A74590DA7185}"
EndProject
Global
	GlobalSection(SolutionConfigurationPlatforms) = preSolution
		Debug|.NET = Debug|.NET
		Debug|Any CPU = Debug|Any CPU
		Debug|Mixed Platforms = Debug|Mixed Platforms
		Release|.NET = Release|.NET
		Release|Any CPU = Release|Any CPU
		Release|Mixed Platforms = Release|Mixed Platforms
	EndGlobalSection
	GlobalSection(ProjectConfigurationPlatforms) = postSolution
		{99D4DCC2-80FA-479C-9C25-18EBACBF9742}.Debug|.NET.ActiveCfg = Debug|Any CPU
		{99D4DCC2-80FA-479C-9C25-18EBACBF9742}.Debug|Any CPU.ActiveCfg = Debug|Any CPU
		{99D4DCC2-80FA-479C-9C25-18EBACBF9742}.Debug|Any CPU.Build.0 = Debug|Any CPU
		{99D4DCC2-80FA-479C-9C25-18EBACBF9742}.Debug|Mixed Platforms.ActiveCfg = Debug|Any CPU
		{99D4DCC2-80FA-479C-9C25-18EBACBF9742}.Debug|Mixed Platforms.Build.0 = Debug|Any CPU
		{99D4DCC2-80FA-479C-9C25-18EBACBF9742}.Release|.NET.ActiveCfg = Release|Any CPU
		{99D4DCC2-80FA-479C-9C25-18EBACBF9742}.Release|Any CPU.ActiveCfg = Release|Any CPU
		{99D4DCC2-80FA-479C-9C25-18EBACBF9742}.Release|Any CPU.Build.0 = Release|Any CPU
		{99D4DCC2-80FA-479C-9C25-18EBACBF9742}.Release|Mixed Platforms.ActiveCfg = Release|Any CPU
		{99D4DCC2-80FA-479C-9C25-18EBACBF9742}.Release|Mixed Platforms.Build.0 = Release|Any CPU
		{BD997096-3E24-41F4-AEEA-8F88CC31E337}.Debug|.NET.ActiveCfg = Debug|Any CPU
		{BD997096-3E24-41F4-AEEA-8F88CC31E337}.Debug|Any CPU.ActiveCfg = Debug|Any CPU
		{BD997096-3E24-41F4-AEEA-8F88CC31E337}.Debug|Any CPU.Build.0 = Debug|Any CPU
		{BD997096-3E24-41F4-AEEA-8F88CC31E337}.Debug|Mixed Platforms.ActiveCfg = Debug|Any CPU
		{BD997096-3E24-41F4-AEEA-8F88CC31E337}.Debug|Mixed Platforms.Build.0 = Debug|Any CPU
		{BD997096-3E24-41F4-AEEA-8F88CC31E337}.Release|.NET.ActiveCfg = Release|Any CPU
		{BD997096-3E24-41F4-AEEA-8F88CC31E337}.Release|Any CPU.ActiveCfg = Release|Any CPU
		{BD997096-3E24-41F4-AEEA-8F88CC31E337}.Release|Any CPU.Build.0 = Release|Any CPU
		{BD997096-3E24-41F4-AEEA-8F88CC31E337}.Release|Mixed Platforms.ActiveCfg = Release|Any CPU
		{BD997096-3E24-41F4-AEEA-8F88CC31E337}.Release|Mixed Platforms.Build.0 = Release|Any CPU
		{697D6429-8A6C-4E03-88CB-6E7C36EDA362}.Debug|.NET.ActiveCfg = Debug|Any CPU
		{697D6429-8A6C-4E03-88CB-6E7C36EDA362}.Debug|Any CPU.ActiveCfg = Debug|Any CPU
		{697D6429-8A6C-4E03-88CB-6E7C36EDA362}.Debug|Any CPU.Build.0 = Debug|Any CPU
		{697D6429-8A6C-4E03-88CB-6E7C36EDA362}.Debug|Mixed Platforms.ActiveCfg = Debug|Any CPU
		{697D6429-8A6C-4E03-88CB-6E7C36EDA362}.Debug|Mixed Platforms.Build.0 = Debug|Any CPU
		{697D6429-8A6C-4E03-88CB-6E7C36EDA362}.Release|.NET.ActiveCfg = Release|Any CPU
		{697D6429-8A6C-4E03-88CB-6E7C36EDA362}.Release|Any CPU.ActiveCfg = Release|Any CPU
		{697D6429-8A6C-4E03-88CB-6E7C36EDA362}.Release|Any CPU.Build.0 = Release|Any CPU
		{697D6429-8A6C-4E03-88CB-6E7C36EDA362}.Release|Mixed Platforms.ActiveCfg = Release|Any CPU
		{697D6429-8A6C-4E03-88CB-6E7C36EDA362}.Release|Mixed Platforms.Build.0 = Release|Any CPU
		{6FCECF06-C92E-47C5-A57D-25653BCB214D}.Debug|.NET.ActiveCfg = Debug|Any CPU
		{6FCECF06-C92E-47C5-A57D-25653BCB214D}.Debug|Any CPU.ActiveCfg = Debug|Any CPU
		{6FCECF06-C92E-47C5-A57D-25653BCB214D}.Debug|Any CPU.Build.0 = Debug|Any CPU
		{6FCECF06-C92E-47C5-A57D-25653BCB214D}.Debug|Mixed Platforms.ActiveCfg = Debug|Any CPU
		{6FCECF06-C92E-47C5-A57D-25653BCB214D}.Debug|Mixed Platforms.Build.0 = Debug|Any CPU
		{6FCECF06-C92E-47C5-A57D-25653BCB214D}.Release|.NET.ActiveCfg = Release|Any CPU
		{6FCECF06-C92E-47C5-A57D-25653BCB214D}.Release|Any CPU.ActiveCfg = Release|Any CPU
		{6FCECF06-C92E-47C5-A57D-25653BCB214D}.Release|Any CPU.Build.0 = Release|Any CPU
		{6FCECF06-C92E-47C5-A57D-25653BCB214D}.Release|Mixed Platforms.ActiveCfg = Release|Any CPU
		{6FCECF06-C92E-47C5-A57D-25653BCB214D}.Release|Mixed Platforms.Build.0 = Release|Any CPU
		{D7815F26-DC6A-4E52-B97A-5ABD31E67CDC}.Debug|.NET.ActiveCfg = Debug|Any CPU
		{D7815F26-DC6A-4E52-B97A-5ABD31E67CDC}.Debug|Any CPU.ActiveCfg = Debug|Any CPU
		{D7815F26-DC6A-4E52-B97A-5ABD31E67CDC}.Debug|Any CPU.Build.0 = Debug|Any CPU
		{D7815F26-DC6A-4E52-B97A-5ABD31E67CDC}.Debug|Mixed Platforms.ActiveCfg = Debug|Any CPU
		{D7815F26-DC6A-4E52-B97A-5ABD31E67CDC}.Debug|Mixed Platforms.Build.0 = Debug|Any CPU
		{D7815F26-DC6A-4E52-B97A-5ABD31E67CDC}.Release|.NET.ActiveCfg = Release|Any CPU
		{D7815F26-DC6A-4E52-B97A-5ABD31E67CDC}.Release|Any CPU.ActiveCfg = Release|Any CPU
		{D7815F26-DC6A-4E52-B97A-5ABD31E67CDC}.Release|Any CPU.Build.0 = Release|Any CPU
		{D7815F26-DC6A-4E52-B97A-5ABD31E67CDC}.Release|Mixed Platforms.ActiveCfg = Release|Any CPU
		{D7815F26-DC6A-4E52-B97A-5ABD31E67CDC}.Release|Mixed Platforms.Build.0 = Release|Any CPU
		{ED876033-072A-4F6E-8167-09501BC6F9B7}.Debug|.NET.ActiveCfg = Debug|Any CPU
		{ED876033-072A-4F6E-8167-09501BC6F9B7}.Debug|Any CPU.ActiveCfg = Debug|Any CPU
		{ED876033-072A-4F6E-8167-09501BC6F9B7}.Debug|Any CPU.Build.0 = Debug|Any CPU
		{ED876033-072A-4F6E-8167-09501BC6F9B7}.Debug|Mixed Platforms.ActiveCfg = Debug|Any CPU
		{ED876033-072A-4F6E-8167-09501BC6F9B7}.Debug|Mixed Platforms.Build.0 = Debug|Any CPU
		{ED876033-072A-4F6E-8167-09501BC6F9B7}.Release|.NET.ActiveCfg = Release|Any CPU
		{ED876033-072A-4F6E-8167-09501BC6F9B7}.Release|Any CPU.ActiveCfg = Release|Any CPU
		{ED876033-072A-4F6E-8167-09501BC6F9B7}.Release|Any CPU.Build.0 = Release|Any CPU
		{ED876033-072A-4F6E-8167-09501BC6F9B7}.Release|Mixed Platforms.ActiveCfg = Release|Any CPU
		{ED876033-072A-4F6E-8167-09501BC6F9B7}.Release|Mixed Platforms.Build.0 = Release|Any CPU
		{13ABE701-2885-4BA9-9497-5680482B9D27}.Debug|.NET.ActiveCfg = Debug|Any CPU
		{13ABE701-2885-4BA9-9497-5680482B9D27}.Debug|Any CPU.ActiveCfg = Debug|Any CPU
		{13ABE701-2885-4BA9-9497-5680482B9D27}.Debug|Any CPU.Build.0 = Debug|Any CPU
		{13ABE701-2885-4BA9-9497-5680482B9D27}.Debug|Mixed Platforms.ActiveCfg = Debug|Any CPU
		{13ABE701-2885-4BA9-9497-5680482B9D27}.Debug|Mixed Platforms.Build.0 = Debug|Any CPU
		{13ABE701-2885-4BA9-9497-5680482B9D27}.Release|.NET.ActiveCfg = Release|Any CPU
		{13ABE701-2885-4BA9-9497-5680482B9D27}.Release|Any CPU.ActiveCfg = Release|Any CPU
		{13ABE701-2885-4BA9-9497-5680482B9D27}.Release|Any CPU.Build.0 = Release|Any CPU
		{13ABE701-2885-4BA9-9497-5680482B9D27}.Release|Mixed Platforms.ActiveCfg = Release|Any CPU
		{13ABE701-2885-4BA9-9497-5680482B9D27}.Release|Mixed Platforms.Build.0 = Release|Any CPU
		{4214540F-F1BA-4554-B144-A74590DA7185}.Debug|.NET.ActiveCfg = Debug
		{4214540F-F1BA-4554-B144-A74590DA7185}.Debug|Any CPU.ActiveCfg = Debug
		{4214540F-F1BA-4554-B144-A74590DA7185}.Debug|Mixed Platforms.ActiveCfg = Debug
		{4214540F-F1BA-4554-B144-A74590DA7185}.Release|.NET.ActiveCfg = Release
		{4214540F-F1BA-4554-B144-A74590DA7185}.Release|Any CPU.ActiveCfg = Release
		{4214540F-F1BA-4554-B144-A74590DA7185}.Release|Mixed Platforms.ActiveCfg = Release
	EndGlobalSection
	GlobalSection(SolutionProperties) = preSolution
		HideSolutionNode = FALSE
	EndGlobalSection
EndGlobal
